
Microsoft Visual Studio Solution File, Format Version 12.00
# Visual Studio 14
VisualStudioVersion = 14.0.25420.1
MinimumVisualStudioVersion = 10.0.40219.1
Project("{8BC9CEB8-8B4A-11D0-8D11-00A0C91BC942}") = "RF-Sniffer", "RF-Sniffer\RF-Sniffer.vcxproj", "{C5F80730-F44F-4478-BDAE-6634EFC2CA88}"
EndProject
Project("{FAE04EC0-301F-11D3-BF4B-00C04F79EFBC}") = "RF-Sniffer-Desktop", "RF-Sniffer-Desktop\RF-Sniffer-Desktop.csproj", "{2AA8950D-39E1-4A41-82E0-9EE79EA7F337}"
EndProject
Project("{FAE04EC0-301F-11D3-BF4B-00C04F79EFBC}") = "WIN_COM_PORT", "..\Tools&APIs\WIN_COM_PORT\WIN_COM_PORT\WIN_COM_PORT.csproj", "{A1470493-95CB-4943-9184-273C7523D3AE}"
EndProject
Project("{FAE04EC0-301F-11D3-BF4B-00C04F79EFBC}") = "Tools", "..\Tools&APIs\Tools\Tools.csproj", "{89CC9ECE-4AFC-4506-BC64-51F50A2E919C}"
EndProject
Global
	GlobalSection(SolutionConfigurationPlatforms) = preSolution
		Debug|Any CPU = Debug|Any CPU
		Debug|x86 = Debug|x86
		Release|Any CPU = Release|Any CPU
		Release|x86 = Release|x86
	EndGlobalSection
	GlobalSection(ProjectConfigurationPlatforms) = postSolution
		{C5F80730-F44F-4478-BDAE-6634EFC2CA88}.Debug|Any CPU.ActiveCfg = Debug|Win32
		{C5F80730-F44F-4478-BDAE-6634EFC2CA88}.Debug|x86.ActiveCfg = Debug|Win32
		{C5F80730-F44F-4478-BDAE-6634EFC2CA88}.Debug|x86.Build.0 = Debug|Win32
		{C5F80730-F44F-4478-BDAE-6634EFC2CA88}.Release|Any CPU.ActiveCfg = Release|Win32
		{C5F80730-F44F-4478-BDAE-6634EFC2CA88}.Release|x86.ActiveCfg = Release|Win32
		{C5F80730-F44F-4478-BDAE-6634EFC2CA88}.Release|x86.Build.0 = Release|Win32
		{2AA8950D-39E1-4A41-82E0-9EE79EA7F337}.Debug|Any CPU.ActiveCfg = Debug|Any CPU
		{2AA8950D-39E1-4A41-82E0-9EE79EA7F337}.Debug|Any CPU.Build.0 = Debug|Any CPU
		{2AA8950D-39E1-4A41-82E0-9EE79EA7F337}.Debug|x86.ActiveCfg = Debug|Any CPU
		{2AA8950D-39E1-4A41-82E0-9EE79EA7F337}.Debug|x86.Build.0 = Debug|Any CPU
		{2AA8950D-39E1-4A41-82E0-9EE79EA7F337}.Release|Any CPU.ActiveCfg = Release|Any CPU
		{2AA8950D-39E1-4A41-82E0-9EE79EA7F337}.Release|Any CPU.Build.0 = Release|Any CPU
		{2AA8950D-39E1-4A41-82E0-9EE79EA7F337}.Release|x86.ActiveCfg = Release|Any CPU
		{2AA8950D-39E1-4A41-82E0-9EE79EA7F337}.Release|x86.Build.0 = Release|Any CPU
		{A1470493-95CB-4943-9184-273C7523D3AE}.Debug|Any CPU.ActiveCfg = Debug|Any CPU
		{A1470493-95CB-4943-9184-273C7523D3AE}.Debug|Any CPU.Build.0 = Debug|Any CPU
		{A1470493-95CB-4943-9184-273C7523D3AE}.Debug|x86.ActiveCfg = Debug|Any CPU
		{A1470493-95CB-4943-9184-273C7523D3AE}.Debug|x86.Build.0 = Debug|Any CPU
		{A1470493-95CB-4943-9184-273C7523D3AE}.Release|Any CPU.ActiveCfg = Release|Any CPU
		{A1470493-95CB-4943-9184-273C7523D3AE}.Release|Any CPU.Build.0 = Release|Any CPU
		{A1470493-95CB-4943-9184-273C7523D3AE}.Release|x86.ActiveCfg = Release|Any CPU
		{A1470493-95CB-4943-9184-273C7523D3AE}.Release|x86.Build.0 = Release|Any CPU
		{89CC9ECE-4AFC-4506-BC64-51F50A2E919C}.Debug|Any CPU.ActiveCfg = Debug|Any CPU
		{89CC9ECE-4AFC-4506-BC64-51F50A2E919C}.Debug|Any CPU.Build.0 = Debug|Any CPU
		{89CC9ECE-4AFC-4506-BC64-51F50A2E919C}.Debug|x86.ActiveCfg = Debug|Any CPU
		{89CC9ECE-4AFC-4506-BC64-51F50A2E919C}.Debug|x86.Build.0 = Debug|Any CPU
		{89CC9ECE-4AFC-4506-BC64-51F50A2E919C}.Release|Any CPU.ActiveCfg = Release|Any CPU
		{89CC9ECE-4AFC-4506-BC64-51F50A2E919C}.Release|Any CPU.Build.0 = Release|Any CPU
		{89CC9ECE-4AFC-4506-BC64-51F50A2E919C}.Release|x86.ActiveCfg = Release|Any CPU
		{89CC9ECE-4AFC-4506-BC64-51F50A2E919C}.Release|x86.Build.0 = Release|Any CPU
	EndGlobalSection
	GlobalSection(SolutionProperties) = preSolution
		HideSolutionNode = FALSE
	EndGlobalSection
EndGlobal
